
Microsoft Visual Studio Solution File, Format Version 12.00
# Visual Studio Version 17
VisualStudioVersion = 17.14.36401.2 d17.14
MinimumVisualStudioVersion = 10.0.40219.1
Project("{FAE04EC0-301F-11D3-BF4B-00C04F79EFBC}") = "Mvcmovie", "Mvcmovie\Mvcmovie.csproj", "{0144F6C2-C2BD-441C-B1D6-BDFC210A98B1}"
EndProject
Global
	GlobalSection(SolutionConfigurationPlatforms) = preSolution
		Debug|Any CPU = Debug|Any CPU
		Release|Any CPU = Release|Any CPU
	EndGlobalSection
	GlobalSection(ProjectConfigurationPlatforms) = postSolution
		{0144F6C2-C2BD-441C-B1D6-BDFC210A98B1}.Debug|Any CPU.ActiveCfg = Debug|Any CPU
		{0144F6C2-C2BD-441C-B1D6-BDFC210A98B1}.Debug|Any CPU.Build.0 = Debug|Any CPU
		{0144F6C2-C2BD-441C-B1D6-BDFC210A98B1}.Release|Any CPU.ActiveCfg = Release|Any CPU
		{0144F6C2-C2BD-441C-B1D6-BDFC210A98B1}.Release|Any CPU.Build.0 = Release|Any CPU
	EndGlobalSection
	GlobalSection(SolutionProperties) = preSolution
		HideSolutionNode = FALSE
	EndGlobalSection
	GlobalSection(ExtensibilityGlobals) = postSolution
		SolutionGuid = {5463A2CF-E3E4-4A8B-A4F8-7BB673F03FA4}
	EndGlobalSection
EndGlobal
